{
  "name": "app",
  "lockfileVersion": 3,
  "requires": true,
  "packages": {
    "": {
      "name": "app",
      "dependencies": {
        "@hotwired/stimulus": "^3.2.2",
        "@hotwired/turbo-rails": "^8.0.0-beta.1",
        "esbuild": "^0.19.8",
        "jquery": "^3.7.1"
      }
    },
    "node_modules/@esbuild/darwin-x64": {
      "version": "0.19.8",
      "resolved": "https://registry.npmjs.org/@esbuild/darwin-x64/-/darwin-x64-0.19.8.tgz",
      "integrity": "sha512-3sur80OT9YdeZwIVgERAysAbwncom7b4bCI2XKLjMfPymTud7e/oY4y+ci1XVp5TfQp/bppn7xLw1n/oSQY3/Q==",
      "cpu": [
        "x64"
      ],
      "license": "MIT",
      "optional": true,
      "os": [
        "darwin"
      ],
      "engines": {
        "node": ">=12"
      }
    },
    "node_modules/@hotwired/stimulus": {
      "version": "3.2.2",
      "resolved": "https://registry.npmjs.org/@hotwired/stimulus/-/stimulus-3.2.2.tgz",
      "integrity": "sha512-eGeIqNOQpXoPAIP7tC1+1Yc1yl1xnwYqg+3mzqxyrbE5pg5YFBZcA6YoTiByJB6DKAEsiWtl6tjTJS4IYtbB7A==",
      "license": "MIT"
    },
    "node_modules/@hotwired/turbo": {
      "version": "8.0.0-beta.1",
      "resolved": "https://registry.npmjs.org/@hotwired/turbo/-/turbo-8.0.0-beta.1.tgz",
      "integrity": "sha512-g66YmO/Oa+EThB3KkNDhrM9mFnNyRn6tqgwGiBHh4Vf+d3XjCznuWSG2o2e2cO/RlddVRtCwvBSMuG6sYQWX+g==",
      "license": "MIT",
      "dependencies": {
        "idiomorph": "https://github.com/basecamp/idiomorph#rollout-build"
      },
      "engines": {
        "node": ">= 14"
      }
    },
    "node_modules/@hotwired/turbo-rails": {
      "version": "8.0.0-beta.1",
      "resolved": "https://registry.npmjs.org/@hotwired/turbo-rails/-/turbo-rails-8.0.0-beta.1.tgz",
      "integrity": "sha512-x9G95vehf5LR4yYGvhD4z6wBMbmAVi0V87FTfenrmXPru4SfOVDsCwdEINBWsLqOvCgRPQD9eY2nGyDfZlsukg==",
      "license": "MIT",
      "dependencies": {
        "@hotwired/turbo": "^8.0.0-beta.1",
        "@rails/actioncable": "^7.0"
      }
    },
    "node_modules/@rails/actioncable": {
      "version": "7.1.2",
      "resolved": "https://registry.npmjs.org/@rails/actioncable/-/actioncable-7.1.2.tgz",
      "integrity": "sha512-KGziTZfbmGm8/fHOpj515xupbYU+49hsp4etfdpoDJ/CEY2bRZR0cyFcJkpK6n0t/sxOHNWY6bo9vSgXZvT7Mg==",
      "license": "MIT"
    },
    "node_modules/esbuild": {
      "version": "0.19.8",
      "resolved": "https://registry.npmjs.org/esbuild/-/esbuild-0.19.8.tgz",
      "integrity": "sha512-l7iffQpT2OrZfH2rXIp7/FkmaeZM0vxbxN9KfiCwGYuZqzMg/JdvX26R31Zxn/Pxvsrg3Y9N6XTcnknqDyyv4w==",
      "hasInstallScript": true,
      "license": "MIT",
      "bin": {
        "esbuild": "bin/esbuild"
      },
      "engines": {
        "node": ">=12"
      },
      "optionalDependencies": {
        "@esbuild/android-arm": "0.19.8",
        "@esbuild/android-arm64": "0.19.8",
        "@esbuild/android-x64": "0.19.8",
        "@esbuild/darwin-arm64": "0.19.8",
        "@esbuild/darwin-x64": "0.19.8",
        "@esbuild/freebsd-arm64": "0.19.8",
        "@esbuild/freebsd-x64": "0.19.8",
        "@esbuild/linux-arm": "0.19.8",
        "@esbuild/linux-arm64": "0.19.8",
        "@esbuild/linux-ia32": "0.19.8",
        "@esbuild/linux-loong64": "0.19.8",
        "@esbuild/linux-mips64el": "0.19.8",
        "@esbuild/linux-ppc64": "0.19.8",
        "@esbuild/linux-riscv64": "0.19.8",
        "@esbuild/linux-s390x": "0.19.8",
        "@esbuild/linux-x64": "0.19.8",
        "@esbuild/netbsd-x64": "0.19.8",
        "@esbuild/openbsd-x64": "0.19.8",
        "@esbuild/sunos-x64": "0.19.8",
        "@esbuild/win32-arm64": "0.19.8",
        "@esbuild/win32-ia32": "0.19.8",
        "@esbuild/win32-x64": "0.19.8"
      }
    },
    "node_modules/idiomorph": {
      "version": "0.0.8",
      "resolved": "git+ssh://git@github.com/basecamp/idiomorph.git#e906820368e4c9c52489a3336b8c3826b1bf6de5",
      "license": "BSD 2-Clause"
    },
    "node_modules/jquery": {
      "version": "3.7.1",
      "resolved": "https://registry.npmjs.org/jquery/-/jquery-3.7.1.tgz",
      "integrity": "sha512-m4avr8yL8kmFN8psrbFFFmB/If14iN5o9nw/NgnnM+kybDJpRsAynV2BsfpTYrTRysYUdADVD7CkUUizgkpLfg=="
    }
  }
}
